
Microsoft Visual Studio Solution File, Format Version 12.00
# Visual Studio Version 17
VisualStudioVersion = 17.14.36908.2 d17.14
MinimumVisualStudioVersion = 10.0.40219.1
Project("{F184B08F-C81C-45F6-A57F-5ABD9991F28F}") = "Petty Cash Management System For CEB Haliela", "Petty Cash Management System For CEB Haliela.vbproj", "{ABE8C47E-7322-47F7-A98E-D33A7B19C6C8}"
EndProject
Project("{2150E333-8FDC-42A3-9474-1A3956D46DE8}") = "Solution Items", "Solution Items", "{8EC462FD-D22E-90A8-E5CE-7E832BA40C5D}"
	ProjectSection(SolutionItems) = preProject
		PettyCash.DesktopApp\App.config = PettyCash.DesktopApp\App.config
	EndProjectSection
EndProject
Global
	GlobalSection(SolutionConfigurationPlatforms) = preSolution
		Debug|Any CPU = Debug|Any CPU
		Release|Any CPU = Release|Any CPU
	EndGlobalSection
	GlobalSection(ProjectConfigurationPlatforms) = postSolution
		{ABE8C47E-7322-47F7-A98E-D33A7B19C6C8}.Debug|Any CPU.ActiveCfg = Debug|Any CPU
		{ABE8C47E-7322-47F7-A98E-D33A7B19C6C8}.Debug|Any CPU.Build.0 = Debug|Any CPU
		{ABE8C47E-7322-47F7-A98E-D33A7B19C6C8}.Release|Any CPU.ActiveCfg = Release|Any CPU
		{ABE8C47E-7322-47F7-A98E-D33A7B19C6C8}.Release|Any CPU.Build.0 = Release|Any CPU
	EndGlobalSection
	GlobalSection(SolutionProperties) = preSolution
		HideSolutionNode = FALSE
	EndGlobalSection
	GlobalSection(ExtensibilityGlobals) = postSolution
		SolutionGuid = {84D86B29-6498-4C0E-A5C8-FD37E6C576DC}
	EndGlobalSection
EndGlobal
